
Microsoft Visual Studio Solution File, Format Version 12.00
# Visual Studio Version 16
VisualStudioVersion = 16.0.30523.141
MinimumVisualStudioVersion = 10.0.40219.1
Project("{FAE04EC0-301F-11D3-BF4B-00C04F79EFBC}") = "37IS_Lab2", "37IS_Lab2.csproj", "{CE34212C-8CFA-483E-8FBF-768CCBD1BB6E}"
EndProject
Global
	GlobalSection(SolutionConfigurationPlatforms) = preSolution
		Debug|Any CPU = Debug|Any CPU
		Release|Any CPU = Release|Any CPU
	EndGlobalSection
	GlobalSection(ProjectConfigurationPlatforms) = postSolution
		{CE34212C-8CFA-483E-8FBF-768CCBD1BB6E}.Debug|Any CPU.ActiveCfg = Debug|Any CPU
		{CE34212C-8CFA-483E-8FBF-768CCBD1BB6E}.Debug|Any CPU.Build.0 = Debug|Any CPU
		{CE34212C-8CFA-483E-8FBF-768CCBD1BB6E}.Release|Any CPU.ActiveCfg = Release|Any CPU
		{CE34212C-8CFA-483E-8FBF-768CCBD1BB6E}.Release|Any CPU.Build.0 = Release|Any CPU
	EndGlobalSection
	GlobalSection(SolutionProperties) = preSolution
		HideSolutionNode = FALSE
	EndGlobalSection
	GlobalSection(ExtensibilityGlobals) = postSolution
		SolutionGuid = {C568B767-6035-4204-AB74-957C5686DC7D}
	EndGlobalSection
EndGlobal
